
Microsoft Visual Studio Solution File, Format Version 11.00
# Visual Studio 2010
Project("{FAE04EC0-301F-11D3-BF4B-00C04F79EFBC}") = "Graphics", "Graphics.csproj", "{E4C4D8B3-B34C-4C9D-8A99-DABC2132F369}"
EndProject
Global
	GlobalSection(SolutionConfigurationPlatforms) = preSolution
		Debug|x86 = Debug|x86
		Release|x86 = Release|x86
	EndGlobalSection
	GlobalSection(ProjectConfigurationPlatforms) = postSolution
		{E4C4D8B3-B34C-4C9D-8A99-DABC2132F369}.Debug|x86.ActiveCfg = Debug|x86
		{E4C4D8B3-B34C-4C9D-8A99-DABC2132F369}.Debug|x86.Build.0 = Debug|x86
		{E4C4D8B3-B34C-4C9D-8A99-DABC2132F369}.Release|x86.ActiveCfg = Release|x86
		{E4C4D8B3-B34C-4C9D-8A99-DABC2132F369}.Release|x86.Build.0 = Release|x86
	EndGlobalSection
	GlobalSection(MonoDevelopProperties) = preSolution
		StartupItem = Graphics.csproj
	EndGlobalSection
EndGlobal
