
Microsoft Visual Studio Solution File, Format Version 10.00
# Visual Studio 2008
Project("{FAE04EC0-301F-11D3-BF4B-00C04F79EFBC}") = "NxtNet.DesktopLib", "NxtNet.Lib\NxtNet.DesktopLib.csproj", "{09F587FD-98D0-4F23-A820-1D0956E70647}"
EndProject
Project("{FAE04EC0-301F-11D3-BF4B-00C04F79EFBC}") = "NxtNet.MobileLib", "NxtNet.Lib\NxtNet.MobileLib.csproj", "{FBDF260F-C4EE-47A3-9FFF-D9D393204125}"
EndProject
Project("{FAE04EC0-301F-11D3-BF4B-00C04F79EFBC}") = "NxtNet.PocketApp", "NxtNet.PocketApp\NxtNet.PocketApp.csproj", "{807D4F9D-9902-455D-9862-7B0FFC8F27FB}"
EndProject
Project("{FAE04EC0-301F-11D3-BF4B-00C04F79EFBC}") = "NxtNet.DesktopApp", "NxtNet.DesktopApp\NxtNet.DesktopApp.csproj", "{E7139BEC-D440-424B-B722-4B69BB0302B0}"
EndProject
Global
	GlobalSection(TeamFoundationVersionControl) = preSolution
		SccNumberOfProjects = 2
		SccEnterpriseProvider = {4CA58AB2-18FA-4F8D-95D4-32DDF27D184C}
		SccTeamFoundationServer = https://geza:8081/
		SccProjectUniqueName0 = NxtNet.Lib\\NxtNet.MobileLib.csproj
		SccProjectName0 = NxtNet.Lib
		SccAuxPath0 = https://geza:8081
		SccLocalPath0 = NxtNet.Lib
		SccProvider0 = {4CA58AB2-18FA-4F8D-95D4-32DDF27D184C}
		SccProjectUniqueName1 = NxtNet.PocketApp\\NxtNet.PocketApp.csproj
		SccProjectName1 = NxtNet.PocketApp
		SccAuxPath1 = https://geza:8081
		SccLocalPath1 = NxtNet.PocketApp
		SccProvider1 = {4CA58AB2-18FA-4F8D-95D4-32DDF27D184C}
	EndGlobalSection
	GlobalSection(SolutionConfigurationPlatforms) = preSolution
		Debug|Any CPU = Debug|Any CPU
		DesktopDebug|Any CPU = DesktopDebug|Any CPU
		MobileDebug|Any CPU = MobileDebug|Any CPU
		Release|Any CPU = Release|Any CPU
	EndGlobalSection
	GlobalSection(ProjectConfigurationPlatforms) = postSolution
		{09F587FD-98D0-4F23-A820-1D0956E70647}.Debug|Any CPU.ActiveCfg = Debug|Any CPU
		{09F587FD-98D0-4F23-A820-1D0956E70647}.Debug|Any CPU.Build.0 = Debug|Any CPU
		{09F587FD-98D0-4F23-A820-1D0956E70647}.DesktopDebug|Any CPU.ActiveCfg = Debug|Any CPU
		{09F587FD-98D0-4F23-A820-1D0956E70647}.DesktopDebug|Any CPU.Build.0 = Debug|Any CPU
		{09F587FD-98D0-4F23-A820-1D0956E70647}.MobileDebug|Any CPU.ActiveCfg = Debug|Any CPU
		{09F587FD-98D0-4F23-A820-1D0956E70647}.Release|Any CPU.ActiveCfg = Release|Any CPU
		{09F587FD-98D0-4F23-A820-1D0956E70647}.Release|Any CPU.Build.0 = Release|Any CPU
		{FBDF260F-C4EE-47A3-9FFF-D9D393204125}.Debug|Any CPU.ActiveCfg = Debug|Any CPU
		{FBDF260F-C4EE-47A3-9FFF-D9D393204125}.Debug|Any CPU.Build.0 = Debug|Any CPU
		{FBDF260F-C4EE-47A3-9FFF-D9D393204125}.DesktopDebug|Any CPU.ActiveCfg = Debug|Any CPU
		{FBDF260F-C4EE-47A3-9FFF-D9D393204125}.MobileDebug|Any CPU.ActiveCfg = Debug|Any CPU
		{FBDF260F-C4EE-47A3-9FFF-D9D393204125}.MobileDebug|Any CPU.Build.0 = Debug|Any CPU
		{FBDF260F-C4EE-47A3-9FFF-D9D393204125}.Release|Any CPU.ActiveCfg = Release|Any CPU
		{FBDF260F-C4EE-47A3-9FFF-D9D393204125}.Release|Any CPU.Build.0 = Release|Any CPU
		{807D4F9D-9902-455D-9862-7B0FFC8F27FB}.Debug|Any CPU.ActiveCfg = Debug|Any CPU
		{807D4F9D-9902-455D-9862-7B0FFC8F27FB}.Debug|Any CPU.Build.0 = Debug|Any CPU
		{807D4F9D-9902-455D-9862-7B0FFC8F27FB}.Debug|Any CPU.Deploy.0 = Debug|Any CPU
		{807D4F9D-9902-455D-9862-7B0FFC8F27FB}.DesktopDebug|Any CPU.ActiveCfg = Debug|Any CPU
		{807D4F9D-9902-455D-9862-7B0FFC8F27FB}.MobileDebug|Any CPU.ActiveCfg = Debug|Any CPU
		{807D4F9D-9902-455D-9862-7B0FFC8F27FB}.MobileDebug|Any CPU.Build.0 = Debug|Any CPU
		{807D4F9D-9902-455D-9862-7B0FFC8F27FB}.MobileDebug|Any CPU.Deploy.0 = Debug|Any CPU
		{807D4F9D-9902-455D-9862-7B0FFC8F27FB}.Release|Any CPU.ActiveCfg = Release|Any CPU
		{807D4F9D-9902-455D-9862-7B0FFC8F27FB}.Release|Any CPU.Build.0 = Release|Any CPU
		{807D4F9D-9902-455D-9862-7B0FFC8F27FB}.Release|Any CPU.Deploy.0 = Release|Any CPU
		{E7139BEC-D440-424B-B722-4B69BB0302B0}.Debug|Any CPU.ActiveCfg = Debug|Any CPU
		{E7139BEC-D440-424B-B722-4B69BB0302B0}.Debug|Any CPU.Build.0 = Debug|Any CPU
		{E7139BEC-D440-424B-B722-4B69BB0302B0}.DesktopDebug|Any CPU.ActiveCfg = Debug|Any CPU
		{E7139BEC-D440-424B-B722-4B69BB0302B0}.DesktopDebug|Any CPU.Build.0 = Debug|Any CPU
		{E7139BEC-D440-424B-B722-4B69BB0302B0}.MobileDebug|Any CPU.ActiveCfg = Debug|Any CPU
		{E7139BEC-D440-424B-B722-4B69BB0302B0}.Release|Any CPU.ActiveCfg = Release|Any CPU
		{E7139BEC-D440-424B-B722-4B69BB0302B0}.Release|Any CPU.Build.0 = Release|Any CPU
	EndGlobalSection
	GlobalSection(SolutionProperties) = preSolution
		HideSolutionNode = FALSE
	EndGlobalSection
EndGlobal
