
Microsoft Visual Studio Solution File, Format Version 11.00
# Visual Studio 2010
Project("{FAE04EC0-301F-11D3-BF4B-00C04F79EFBC}") = "Processing", "Processing\Processing.csproj", "{0EB5ABD1-5E60-433C-AC9D-63A9DC0DB20F}"
EndProject
Global
	GlobalSection(SolutionConfigurationPlatforms) = preSolution
		Debug|Any CPU = Debug|Any CPU
		Release|Any CPU = Release|Any CPU
	EndGlobalSection
	GlobalSection(ProjectConfigurationPlatforms) = postSolution
		{0EB5ABD1-5E60-433C-AC9D-63A9DC0DB20F}.Debug|Any CPU.ActiveCfg = Debug|Any CPU
		{0EB5ABD1-5E60-433C-AC9D-63A9DC0DB20F}.Debug|Any CPU.Build.0 = Debug|Any CPU
		{0EB5ABD1-5E60-433C-AC9D-63A9DC0DB20F}.Release|Any CPU.ActiveCfg = Release|Any CPU
		{0EB5ABD1-5E60-433C-AC9D-63A9DC0DB20F}.Release|Any CPU.Build.0 = Release|Any CPU
	EndGlobalSection
	GlobalSection(MonoDevelopProperties) = preSolution
		StartupItem = Processing\Processing.csproj
		outputpath = Processing\bin\Release
	EndGlobalSection
EndGlobal
